
Microsoft Visual Studio Solution File, Format Version 12.00
# Visual Studio Version 16
VisualStudioVersion = 16.0.31410.357
MinimumVisualStudioVersion = 10.0.40219.1
Project("{FAE04EC0-301F-11D3-BF4B-00C04F79EFBC}") = "Tip_Calculator ( GrapeCity)", "Tip_Calculator ( GrapeCity)\Tip_Calculator ( GrapeCity).csproj", "{238D4A7B-92F2-4C0F-BFAA-63D934703DD3}"
EndProject
Global
	GlobalSection(SolutionConfigurationPlatforms) = preSolution
		Debug|Any CPU = Debug|Any CPU
		Release|Any CPU = Release|Any CPU
	EndGlobalSection
	GlobalSection(ProjectConfigurationPlatforms) = postSolution
		{238D4A7B-92F2-4C0F-BFAA-63D934703DD3}.Debug|Any CPU.ActiveCfg = Debug|Any CPU
		{238D4A7B-92F2-4C0F-BFAA-63D934703DD3}.Debug|Any CPU.Build.0 = Debug|Any CPU
		{238D4A7B-92F2-4C0F-BFAA-63D934703DD3}.Release|Any CPU.ActiveCfg = Release|Any CPU
		{238D4A7B-92F2-4C0F-BFAA-63D934703DD3}.Release|Any CPU.Build.0 = Release|Any CPU
	EndGlobalSection
	GlobalSection(SolutionProperties) = preSolution
		HideSolutionNode = FALSE
	EndGlobalSection
	GlobalSection(ExtensibilityGlobals) = postSolution
		SolutionGuid = {74BFE001-5B0B-4045-8058-07C677407C9B}
	EndGlobalSection
EndGlobal
